
Microsoft Visual Studio Solution File, Format Version 12.00
# Visual Studio 15
VisualStudioVersion = 15.0.28010.2050
MinimumVisualStudioVersion = 10.0.40219.1
Project("{8BC9CEB8-8B4A-11D0-8D11-00A0C91BC942}") = "RBTree", "RBTree\RBTree.vcxproj", "{A486F4CD-03CA-4A8A-8B07-F9864246187B}"
EndProject
Global
	GlobalSection(SolutionConfigurationPlatforms) = preSolution
		Debug|x64 = Debug|x64
		Debug|x86 = Debug|x86
		Release|x64 = Release|x64
		Release|x86 = Release|x86
	EndGlobalSection
	GlobalSection(ProjectConfigurationPlatforms) = postSolution
		{A486F4CD-03CA-4A8A-8B07-F9864246187B}.Debug|x64.ActiveCfg = Debug|x64
		{A486F4CD-03CA-4A8A-8B07-F9864246187B}.Debug|x64.Build.0 = Debug|x64
		{A486F4CD-03CA-4A8A-8B07-F9864246187B}.Debug|x86.ActiveCfg = Debug|Win32
		{A486F4CD-03CA-4A8A-8B07-F9864246187B}.Debug|x86.Build.0 = Debug|Win32
		{A486F4CD-03CA-4A8A-8B07-F9864246187B}.Release|x64.ActiveCfg = Release|x64
		{A486F4CD-03CA-4A8A-8B07-F9864246187B}.Release|x64.Build.0 = Release|x64
		{A486F4CD-03CA-4A8A-8B07-F9864246187B}.Release|x86.ActiveCfg = Release|Win32
		{A486F4CD-03CA-4A8A-8B07-F9864246187B}.Release|x86.Build.0 = Release|Win32
	EndGlobalSection
	GlobalSection(SolutionProperties) = preSolution
		HideSolutionNode = FALSE
	EndGlobalSection
	GlobalSection(ExtensibilityGlobals) = postSolution
		SolutionGuid = {0F0F5E52-11F0-4264-889E-6CAB52B794AA}
	EndGlobalSection
EndGlobal
